
Microsoft Visual Studio Solution File, Format Version 12.00
# Visual Studio Version 16
VisualStudioVersion = 16.0.31624.102
MinimumVisualStudioVersion = 10.0.40219.1
Project("{FAE04EC0-301F-11D3-BF4B-00C04F79EFBC}") = "TotoGUI", "TotoGUI\TotoGUI.csproj", "{A29AAEFF-6426-490D-B352-54075D49117D}"
EndProject
Global
	GlobalSection(SolutionConfigurationPlatforms) = preSolution
		Debug|Any CPU = Debug|Any CPU
		Release|Any CPU = Release|Any CPU
	EndGlobalSection
	GlobalSection(ProjectConfigurationPlatforms) = postSolution
		{A29AAEFF-6426-490D-B352-54075D49117D}.Debug|Any CPU.ActiveCfg = Debug|Any CPU
		{A29AAEFF-6426-490D-B352-54075D49117D}.Debug|Any CPU.Build.0 = Debug|Any CPU
		{A29AAEFF-6426-490D-B352-54075D49117D}.Release|Any CPU.ActiveCfg = Release|Any CPU
		{A29AAEFF-6426-490D-B352-54075D49117D}.Release|Any CPU.Build.0 = Release|Any CPU
	EndGlobalSection
	GlobalSection(SolutionProperties) = preSolution
		HideSolutionNode = FALSE
	EndGlobalSection
	GlobalSection(ExtensibilityGlobals) = postSolution
		SolutionGuid = {64B28103-1347-4EF3-A011-6EDD6A210481}
	EndGlobalSection
EndGlobal
